# THIS IS AN AUTOGENERATED FILE. DO NOT EDIT THIS FILE DIRECTLY.
# yarn lockfile v1


"@antfu/utils@^0.7.6", "@antfu/utils@^0.7.7":
  version "0.7.7"
  resolved "https://registry.npmjs.org/@antfu/utils/-/utils-0.7.7.tgz"
  integrity sha512-gFPqTG7otEJ8uP6wrhDv6mqwGWYZKNvAcCq6u9hOj0c+IKCEsY4L1oC9trPq2SaWIzAfHvqfBDxF591JkMf+kg==

"@babel/parser@^7.24.4":
  version "7.24.4"
  resolved "https://registry.npmjs.org/@babel/parser/-/parser-7.24.4.tgz"
  integrity sha512-zTvEBcghmeBma9QIGunWevvBAp4/Qu9Bdq+2k0Ot4fVMD6v3dsC9WOcRSKk7tRRyBM/53yKMJko9xOatGQAwSg==

"@ctrl/tinycolor@^3.4.1":
  version "3.6.1"
  resolved "https://registry.npmjs.org/@ctrl/tinycolor/-/tinycolor-3.6.1.tgz"
  integrity sha512-SITSV6aIXsuVNV3f3O0f2n/cgyEDWoSqtZMYiAmcsYHydcKrOz3gUxB/iXd/Qf08+IZX4KpgNbvUdMBmWz+kcA==

"@element-plus/icons-vue@^2.3.1":
  version "2.3.1"
  resolved "https://registry.npmjs.org/@element-plus/icons-vue/-/icons-vue-2.3.1.tgz"
  integrity sha512-XxVUZv48RZAd87ucGS48jPf6pKu0yV5UCg9f4FFwtrYxXOwWuVJo6wOvSLKEoMQKjv8GsX/mhP6UsC1lRwbUWg==

"@element-plus/icons@^0.0.11":
  version "0.0.11"
  resolved "https://registry.yarnpkg.com/@element-plus/icons/-/icons-0.0.11.tgz#9b187c002774548b911850d17fa5fc2f9a515f57"
  integrity sha512-iKQXSxXu131Ai+I9Ymtcof9WId7kaXvB1+WRfAfpQCW7UiAMYgdNDqb/u0hgTo2Yq3MwC4MWJnNuTBEpG8r7+A==

"@esbuild/aix-ppc64@0.20.2":
  version "0.20.2"
  resolved "https://registry.yarnpkg.com/@esbuild/aix-ppc64/-/aix-ppc64-0.20.2.tgz#a70f4ac11c6a1dfc18b8bbb13284155d933b9537"
  integrity sha512-D+EBOJHXdNZcLJRBkhENNG8Wji2kgc9AZ9KiPr1JuZjsNtyHzrsfLRrY0tk2H2aoFu6RANO1y1iPPUCDYWkb5g==

"@esbuild/android-arm64@0.20.2":
  version "0.20.2"
  resolved "https://registry.yarnpkg.com/@esbuild/android-arm64/-/android-arm64-0.20.2.tgz#db1c9202a5bc92ea04c7b6840f1bbe09ebf9e6b9"
  integrity sha512-mRzjLacRtl/tWU0SvD8lUEwb61yP9cqQo6noDZP/O8VkwafSYwZ4yWy24kan8jE/IMERpYncRt2dw438LP3Xmg==

"@esbuild/android-arm@0.20.2":
  version "0.20.2"
  resolved "https://registry.yarnpkg.com/@esbuild/android-arm/-/android-arm-0.20.2.tgz#3b488c49aee9d491c2c8f98a909b785870d6e995"
  integrity sha512-t98Ra6pw2VaDhqNWO2Oph2LXbz/EJcnLmKLGBJwEwXX/JAN83Fym1rU8l0JUWK6HkIbWONCSSatf4sf2NBRx/w==

"@esbuild/android-x64@0.20.2":
  version "0.20.2"
  resolved "https://registry.yarnpkg.com/@esbuild/android-x64/-/android-x64-0.20.2.tgz#3b1628029e5576249d2b2d766696e50768449f98"
  integrity sha512-btzExgV+/lMGDDa194CcUQm53ncxzeBrWJcncOBxuC6ndBkKxnHdFJn86mCIgTELsooUmwUm9FkhSp5HYu00Rg==

"@esbuild/darwin-arm64@0.20.2":
  version "0.20.2"
  resolved "https://registry.npmjs.org/@esbuild/darwin-arm64/-/darwin-arm64-0.20.2.tgz"
  integrity sha512-4J6IRT+10J3aJH3l1yzEg9y3wkTDgDk7TSDFX+wKFiWjqWp/iCfLIYzGyasx9l0SAFPT1HwSCR+0w/h1ES/MjA==

"@esbuild/darwin-x64@0.20.2":
  version "0.20.2"
  resolved "https://registry.yarnpkg.com/@esbuild/darwin-x64/-/darwin-x64-0.20.2.tgz#90ed098e1f9dd8a9381695b207e1cff45540a0d0"
  integrity sha512-tBcXp9KNphnNH0dfhv8KYkZhjc+H3XBkF5DKtswJblV7KlT9EI2+jeA8DgBjp908WEuYll6pF+UStUCfEpdysA==

"@esbuild/freebsd-arm64@0.20.2":
  version "0.20.2"
  resolved "https://registry.yarnpkg.com/@esbuild/freebsd-arm64/-/freebsd-arm64-0.20.2.tgz#d71502d1ee89a1130327e890364666c760a2a911"
  integrity sha512-d3qI41G4SuLiCGCFGUrKsSeTXyWG6yem1KcGZVS+3FYlYhtNoNgYrWcvkOoaqMhwXSMrZRl69ArHsGJ9mYdbbw==

"@esbuild/freebsd-x64@0.20.2":
  version "0.20.2"
  resolved "https://registry.yarnpkg.com/@esbuild/freebsd-x64/-/freebsd-x64-0.20.2.tgz#aa5ea58d9c1dd9af688b8b6f63ef0d3d60cea53c"
  integrity sha512-d+DipyvHRuqEeM5zDivKV1KuXn9WeRX6vqSqIDgwIfPQtwMP4jaDsQsDncjTDDsExT4lR/91OLjRo8bmC1e+Cw==

"@esbuild/linux-arm64@0.20.2":
  version "0.20.2"
  resolved "https://registry.yarnpkg.com/@esbuild/linux-arm64/-/linux-arm64-0.20.2.tgz#055b63725df678379b0f6db9d0fa85463755b2e5"
  integrity sha512-9pb6rBjGvTFNira2FLIWqDk/uaf42sSyLE8j1rnUpuzsODBq7FvpwHYZxQ/It/8b+QOS1RYfqgGFNLRI+qlq2A==

"@esbuild/linux-arm@0.20.2":
  version "0.20.2"
  resolved "https://registry.yarnpkg.com/@esbuild/linux-arm/-/linux-arm-0.20.2.tgz#76b3b98cb1f87936fbc37f073efabad49dcd889c"
  integrity sha512-VhLPeR8HTMPccbuWWcEUD1Az68TqaTYyj6nfE4QByZIQEQVWBB8vup8PpR7y1QHL3CpcF6xd5WVBU/+SBEvGTg==

"@esbuild/linux-ia32@0.20.2":
  version "0.20.2"
  resolved "https://registry.yarnpkg.com/@esbuild/linux-ia32/-/linux-ia32-0.20.2.tgz#c0e5e787c285264e5dfc7a79f04b8b4eefdad7fa"
  integrity sha512-o10utieEkNPFDZFQm9CoP7Tvb33UutoJqg3qKf1PWVeeJhJw0Q347PxMvBgVVFgouYLGIhFYG0UGdBumROyiig==

"@esbuild/linux-loong64@0.20.2":
  version "0.20.2"
  resolved "https://registry.yarnpkg.com/@esbuild/linux-loong64/-/linux-loong64-0.20.2.tgz#a6184e62bd7cdc63e0c0448b83801001653219c5"
  integrity sha512-PR7sp6R/UC4CFVomVINKJ80pMFlfDfMQMYynX7t1tNTeivQ6XdX5r2XovMmha/VjR1YN/HgHWsVcTRIMkymrgQ==

"@esbuild/linux-mips64el@0.20.2":
  version "0.20.2"
  resolved "https://registry.yarnpkg.com/@esbuild/linux-mips64el/-/linux-mips64el-0.20.2.tgz#d08e39ce86f45ef8fc88549d29c62b8acf5649aa"
  integrity sha512-4BlTqeutE/KnOiTG5Y6Sb/Hw6hsBOZapOVF6njAESHInhlQAghVVZL1ZpIctBOoTFbQyGW+LsVYZ8lSSB3wkjA==

"@esbuild/linux-ppc64@0.20.2":
  version "0.20.2"
  resolved "https://registry.yarnpkg.com/@esbuild/linux-ppc64/-/linux-ppc64-0.20.2.tgz#8d252f0b7756ffd6d1cbde5ea67ff8fd20437f20"
  integrity sha512-rD3KsaDprDcfajSKdn25ooz5J5/fWBylaaXkuotBDGnMnDP1Uv5DLAN/45qfnf3JDYyJv/ytGHQaziHUdyzaAg==

"@esbuild/linux-riscv64@0.20.2":
  version "0.20.2"
  resolved "https://registry.yarnpkg.com/@esbuild/linux-riscv64/-/linux-riscv64-0.20.2.tgz#19f6dcdb14409dae607f66ca1181dd4e9db81300"
  integrity sha512-snwmBKacKmwTMmhLlz/3aH1Q9T8v45bKYGE3j26TsaOVtjIag4wLfWSiZykXzXuE1kbCE+zJRmwp+ZbIHinnVg==

"@esbuild/linux-s390x@0.20.2":
  version "0.20.2"
  resolved "https://registry.yarnpkg.com/@esbuild/linux-s390x/-/linux-s390x-0.20.2.tgz#3c830c90f1a5d7dd1473d5595ea4ebb920988685"
  integrity sha512-wcWISOobRWNm3cezm5HOZcYz1sKoHLd8VL1dl309DiixxVFoFe/o8HnwuIwn6sXre88Nwj+VwZUvJf4AFxkyrQ==

"@esbuild/linux-x64@0.20.2":
  version "0.20.2"
  resolved "https://registry.yarnpkg.com/@esbuild/linux-x64/-/linux-x64-0.20.2.tgz#86eca35203afc0d9de0694c64ec0ab0a378f6fff"
  integrity sha512-1MdwI6OOTsfQfek8sLwgyjOXAu+wKhLEoaOLTjbijk6E2WONYpH9ZU2mNtR+lZ2B4uwr+usqGuVfFT9tMtGvGw==

"@esbuild/netbsd-x64@0.20.2":
  version "0.20.2"
  resolved "https://registry.yarnpkg.com/@esbuild/netbsd-x64/-/netbsd-x64-0.20.2.tgz#e771c8eb0e0f6e1877ffd4220036b98aed5915e6"
  integrity sha512-K8/DhBxcVQkzYc43yJXDSyjlFeHQJBiowJ0uVL6Tor3jGQfSGHNNJcWxNbOI8v5k82prYqzPuwkzHt3J1T1iZQ==

"@esbuild/openbsd-x64@0.20.2":
  version "0.20.2"
  resolved "https://registry.yarnpkg.com/@esbuild/openbsd-x64/-/openbsd-x64-0.20.2.tgz#9a795ae4b4e37e674f0f4d716f3e226dd7c39baf"
  integrity sha512-eMpKlV0SThJmmJgiVyN9jTPJ2VBPquf6Kt/nAoo6DgHAoN57K15ZghiHaMvqjCye/uU4X5u3YSMgVBI1h3vKrQ==

"@esbuild/sunos-x64@0.20.2":
  version "0.20.2"
  resolved "https://registry.yarnpkg.com/@esbuild/sunos-x64/-/sunos-x64-0.20.2.tgz#7df23b61a497b8ac189def6e25a95673caedb03f"
  integrity sha512-2UyFtRC6cXLyejf/YEld4Hajo7UHILetzE1vsRcGL3earZEW77JxrFjH4Ez2qaTiEfMgAXxfAZCm1fvM/G/o8w==

"@esbuild/win32-arm64@0.20.2":
  version "0.20.2"
  resolved "https://registry.yarnpkg.com/@esbuild/win32-arm64/-/win32-arm64-0.20.2.tgz#f1ae5abf9ca052ae11c1bc806fb4c0f519bacf90"
  integrity sha512-GRibxoawM9ZCnDxnP3usoUDO9vUkpAxIIZ6GQI+IlVmr5kP3zUq+l17xELTHMWTWzjxa2guPNyrpq1GWmPvcGQ==

"@esbuild/win32-ia32@0.20.2":
  version "0.20.2"
  resolved "https://registry.yarnpkg.com/@esbuild/win32-ia32/-/win32-ia32-0.20.2.tgz#241fe62c34d8e8461cd708277813e1d0ba55ce23"
  integrity sha512-HfLOfn9YWmkSKRQqovpnITazdtquEW8/SoHW7pWpuEeguaZI4QnCRW6b+oZTztdBnZOS2hqJ6im/D5cPzBTTlQ==

"@esbuild/win32-x64@0.20.2":
  version "0.20.2"
  resolved "https://registry.yarnpkg.com/@esbuild/win32-x64/-/win32-x64-0.20.2.tgz#9c907b21e30a52db959ba4f80bb01a0cc403d5cc"
  integrity sha512-N49X4lJX27+l9jbLKSqZ6bKNjzQvHaT8IIFUy+YIqmXQdjYCToGWwOItDrfby14c78aDd5NHQl29xingXfCdLQ==

"@floating-ui/core@^1.0.0":
  version "1.6.0"
  resolved "https://registry.npmjs.org/@floating-ui/core/-/core-1.6.0.tgz"
  integrity sha512-PcF++MykgmTj3CIyOQbKA/hDzOAiqI3mhuoN44WRCopIs1sgoDoU4oty4Jtqaj/y3oDU6fnVSm4QG0a3t5i0+g==
  dependencies:
    "@floating-ui/utils" "^0.2.1"

"@floating-ui/dom@^1.0.1":
  version "1.6.3"
  resolved "https://registry.npmjs.org/@floating-ui/dom/-/dom-1.6.3.tgz"
  integrity sha512-RnDthu3mzPlQ31Ss/BTwQ1zjzIhr3lk1gZB1OC56h/1vEtaXkESrOqL5fQVMfXpwGtRwX+YsZBdyHtJMQnkArw==
  dependencies:
    "@floating-ui/core" "^1.0.0"
    "@floating-ui/utils" "^0.2.0"

"@floating-ui/utils@^0.2.0", "@floating-ui/utils@^0.2.1":
  version "0.2.1"
  resolved "https://registry.npmjs.org/@floating-ui/utils/-/utils-0.2.1.tgz"
  integrity sha512-9TANp6GPoMtYzQdt54kfAyMmz1+osLlXdg2ENroU7zzrtflTLrrC/lgrIfaSe+Wu0b89GKccT7vxXA0MoAIO+Q==

"@jridgewell/sourcemap-codec@^1.4.15":
  version "1.4.15"
  resolved "https://registry.npmjs.org/@jridgewell/sourcemap-codec/-/sourcemap-codec-1.4.15.tgz"
  integrity sha512-eF2rxCRulEKXHTRiDrDy6erMYWqNw4LPdQ8UQA4huuxaQsVeRPFl2oM8oDGxMFhJUWZf9McpLtJasDDZb/Bpeg==

"@nodelib/fs.scandir@2.1.5":
  version "2.1.5"
  resolved "https://registry.npmjs.org/@nodelib/fs.scandir/-/fs.scandir-2.1.5.tgz"
  integrity sha512-vq24Bq3ym5HEQm2NKCr3yXDwjc7vTsEThRDnkp2DK9p1uqLR+DHurm/NOTo0KG7HYHU7eppKZj3MyqYuMBf62g==
  dependencies:
    "@nodelib/fs.stat" "2.0.5"
    run-parallel "^1.1.9"

"@nodelib/fs.stat@2.0.5", "@nodelib/fs.stat@^2.0.2":
  version "2.0.5"
  resolved "https://registry.npmjs.org/@nodelib/fs.stat/-/fs.stat-2.0.5.tgz"
  integrity sha512-RkhPPp2zrqDAQA/2jNhnztcPAlv64XdhIp7a7454A5ovI7Bukxgt7MX7udwAu3zg1DcpPU0rz3VV1SeaqvY4+A==

"@nodelib/fs.walk@^1.2.3":
  version "1.2.8"
  resolved "https://registry.npmjs.org/@nodelib/fs.walk/-/fs.walk-1.2.8.tgz"
  integrity sha512-oGB+UxlgWcgQkgwo8GcEGwemoTFt3FIO9ababBmaGwXIoBKZ+GTy0pP185beGg7Llih/NSHSV2XAs1lnznocSg==
  dependencies:
    "@nodelib/fs.scandir" "2.1.5"
    fastq "^1.6.0"

"@popperjs/core@npm:@sxzz/popperjs-es@^2.11.7":
  version "2.11.7"
  resolved "https://registry.npmjs.org/@sxzz/popperjs-es/-/popperjs-es-2.11.7.tgz"
  integrity sha512-Ccy0NlLkzr0Ex2FKvh2X+OyERHXJ88XJ1MXtsI9y9fGexlaXaVTPzBCRBwIxFkORuOb+uBqeu+RqnpgYTEZRUQ==

"@rollup/pluginutils@^5.0.4", "@rollup/pluginutils@^5.1.0":
  version "5.1.0"
  resolved "https://registry.npmjs.org/@rollup/pluginutils/-/pluginutils-5.1.0.tgz"
  integrity sha512-XTIWOPPcpvyKI6L1NHo0lFlCyznUEyPmPY1mc3KpPVDYulHSTvyeLNVW00QTLIAFNhR3kYnJTQHeGqU4M3n09g==
  dependencies:
    "@types/estree" "^1.0.0"
    estree-walker "^2.0.2"
    picomatch "^2.3.1"

"@rollup/rollup-android-arm-eabi@4.16.2":
  version "4.16.2"
  resolved "https://registry.yarnpkg.com/@rollup/rollup-android-arm-eabi/-/rollup-android-arm-eabi-4.16.2.tgz#29b7b3c70ddf532fe6dcf859cbfc3e4714c34842"
  integrity sha512-VGodkwtEuZ+ENPz/CpDSl091koMv8ao5jHVMbG1vNK+sbx/48/wVzP84M5xSfDAC69mAKKoEkSo+ym9bXYRK9w==

"@rollup/rollup-android-arm64@4.16.2":
  version "4.16.2"
  resolved "https://registry.yarnpkg.com/@rollup/rollup-android-arm64/-/rollup-android-arm64-4.16.2.tgz#f50f65d0c3b8b30d070d8616b2dfc0978dd588bd"
  integrity sha512-5/W1xyIdc7jw6c/f1KEtg1vYDBWnWCsLiipK41NiaWGLG93eH2edgE6EgQJ3AGiPERhiOLUqlDSfjRK08C9xFg==

"@rollup/rollup-darwin-arm64@4.16.2":
  version "4.16.2"
  resolved "https://registry.npmjs.org/@rollup/rollup-darwin-arm64/-/rollup-darwin-arm64-4.16.2.tgz"
  integrity sha512-vOAKMqZSTbPfyPVu1jBiy+YniIQd3MG7LUnqV0dA6Q5tyhdqYtxacTHP1+S/ksKl6qCtMG1qQ0grcIgk/19JEA==

"@rollup/rollup-darwin-x64@4.16.2":
  version "4.16.2"
  resolved "https://registry.yarnpkg.com/@rollup/rollup-darwin-x64/-/rollup-darwin-x64-4.16.2.tgz#fe45a772526b2c03d545e20f97a1e5cd60a46e52"
  integrity sha512-aIJVRUS3Dnj6MqocBMrcXlatKm64O3ITeQAdAxVSE9swyhNyV1dwnRgw7IGKIkDQofatd8UqMSyUxuFEa42EcA==

"@rollup/rollup-linux-arm-gnueabihf@4.16.2":
  version "4.16.2"
  resolved "https://registry.yarnpkg.com/@rollup/rollup-linux-arm-gnueabihf/-/rollup-linux-arm-gnueabihf-4.16.2.tgz#450ecf66f30a51514413aafa79d28561db73151c"
  integrity sha512-/bjfUiXwy3P5vYr6/ezv//Yle2Y0ak3a+Av/BKoi76nFryjWCkki8AuVoPR7ZU/ckcvAWFo77OnFK14B9B5JsA==

"@rollup/rollup-linux-arm-musleabihf@4.16.2":
  version "4.16.2"
  resolved "https://registry.yarnpkg.com/@rollup/rollup-linux-arm-musleabihf/-/rollup-linux-arm-musleabihf-4.16.2.tgz#1e8807d220047084579cd01499c5476a325e0700"
  integrity sha512-S24b+tJHwpq2TNRz9T+r71FjMvyBBApY8EkYxz8Cwi/rhH6h+lu/iDUxyc9PuHf9UvyeBFYkWWcrDahai/NCGw==

"@rollup/rollup-linux-arm64-gnu@4.16.2":
  version "4.16.2"
  resolved "https://registry.yarnpkg.com/@rollup/rollup-linux-arm64-gnu/-/rollup-linux-arm64-gnu-4.16.2.tgz#128adb9dbf0057b989127d2e7fd73931a6729410"
  integrity sha512-UN7VAXLyeyGbCQWiOtQN7BqmjTDw1ON2Oos4lfk0YR7yNhFEJWZiwGtvj9Ay4lsT/ueT04sh80Sg2MlWVVZ+Ug==

"@rollup/rollup-linux-arm64-musl@4.16.2":
  version "4.16.2"
  resolved "https://registry.yarnpkg.com/@rollup/rollup-linux-arm64-musl/-/rollup-linux-arm64-musl-4.16.2.tgz#fddc7730045301a7fb0132532890e5edcb23d2bc"
  integrity sha512-ZBKvz3+rIhQjusKMccuJiPsStCrPOtejCHxTe+yWp3tNnuPWtyCh9QLGPKz6bFNFbwbw28E2T6zDgzJZ05F1JQ==

"@rollup/rollup-linux-powerpc64le-gnu@4.16.2":
  version "4.16.2"
  resolved "https://registry.yarnpkg.com/@rollup/rollup-linux-powerpc64le-gnu/-/rollup-linux-powerpc64le-gnu-4.16.2.tgz#7154fe9ffc6405b2a6555ca931c42c0aa5198c2a"
  integrity sha512-LjMMFiVBRL3wOe095vHAekL4b7nQqf4KZEpdMWd3/W+nIy5o9q/8tlVKiqMbfieDypNXLsxM9fexOxd9Qcklyg==

"@rollup/rollup-linux-riscv64-gnu@4.16.2":
  version "4.16.2"
  resolved "https://registry.yarnpkg.com/@rollup/rollup-linux-riscv64-gnu/-/rollup-linux-riscv64-gnu-4.16.2.tgz#7a7d091a94fa7c50ebf72d5578475093e01c739e"
  integrity sha512-ohkPt0lKoCU0s4B6twro2aft+QROPdUiWwOjPNTzwTsBK5w+2+iT9kySdtOdq0gzWJAdiqsV4NFtXOwGZmIsHA==

"@rollup/rollup-linux-s390x-gnu@4.16.2":
  version "4.16.2"
  resolved "https://registry.yarnpkg.com/@rollup/rollup-linux-s390x-gnu/-/rollup-linux-s390x-gnu-4.16.2.tgz#39b87bd355dfafbc062ca856d3d6bc5aa1905d89"
  integrity sha512-jm2lvLc+/gqXfndlpDw05jKvsl/HKYxUEAt1h5UXcMFVpO4vGpoWmJVUfKDtTqSaHcCNw1his1XjkgR9aort3w==

"@rollup/rollup-linux-x64-gnu@4.16.2":
  version "4.16.2"
  resolved "https://registry.yarnpkg.com/@rollup/rollup-linux-x64-gnu/-/rollup-linux-x64-gnu-4.16.2.tgz#30b88169db18dec202ab9662d5148523d59da553"
  integrity sha512-oc5/SlITI/Vj/qL4UM+lXN7MERpiy1HEOnrE+SegXwzf7WP9bzmZd6+MDljCEZTdSY84CpvUv9Rq7bCaftn1+g==

"@rollup/rollup-linux-x64-musl@4.16.2":
  version "4.16.2"
  resolved "https://registry.yarnpkg.com/@rollup/rollup-linux-x64-musl/-/rollup-linux-x64-musl-4.16.2.tgz#d4fd52a28d5ce4aaed436311d89a9a1eaff87c2d"
  integrity sha512-/2VWEBG6mKbS2itm7hzPwhIPaxfZh/KLWrYg20pCRLHhNFtF+epLgcBtwy3m07bl/k86Q3PFRAf2cX+VbZbwzQ==

"@rollup/rollup-win32-arm64-msvc@4.16.2":
  version "4.16.2"
  resolved "https://registry.yarnpkg.com/@rollup/rollup-win32-arm64-msvc/-/rollup-win32-arm64-msvc-4.16.2.tgz#edd352302e3fa6a2d612447590b0a0887cdbf762"
  integrity sha512-Wg7ANh7+hSilF0lG3e/0Oy8GtfTIfEk1327Bw8juZOMOoKmJLs3R+a4JDa/4cHJp2Gs7QfCDTepXXcyFD0ubBg==

"@rollup/rollup-win32-ia32-msvc@4.16.2":
  version "4.16.2"
  resolved "https://registry.yarnpkg.com/@rollup/rollup-win32-ia32-msvc/-/rollup-win32-ia32-msvc-4.16.2.tgz#f17cc1db108f364bf6ef427f98844b5f742d31f0"
  integrity sha512-J/jCDKVMWp0Y2ELnTjpQFYUCUWv1Jr+LdFrJVZtdqGyjDo0PHPa7pCamjHvJel6zBFM3doFFqAr7cmXYWBAbfw==

"@rollup/rollup-win32-x64-msvc@4.16.2":
  version "4.16.2"
  resolved "https://registry.yarnpkg.com/@rollup/rollup-win32-x64-msvc/-/rollup-win32-x64-msvc-4.16.2.tgz#98fb87589960075d39c44784e3a99f67138602f4"
  integrity sha512-3nIf+SJMs2ZzrCh+SKNqgLVV9hS/UY0UjT1YU8XQYFGLiUfmHYJ/5trOU1XSvmHjV5gTF/K3DjrWxtyzKKcAHA==

"@types/estree@1.0.5", "@types/estree@^1.0.0":
  version "1.0.5"
  resolved "https://registry.npmjs.org/@types/estree/-/estree-1.0.5.tgz"
  integrity sha512-/kYRxGDLWzHOB7q+wtSUQlFrtcdUccpfy+X+9iMBpHK8QLLhx2wIPYuS5DYtR9Wa/YlZAbIovy7qVdB1Aq6Lyw==

"@types/lodash-es@^4.17.6":
  version "4.17.12"
  resolved "https://registry.npmjs.org/@types/lodash-es/-/lodash-es-4.17.12.tgz"
  integrity sha512-0NgftHUcV4v34VhXm8QBSftKVXtbkBG3ViCjs6+eJ5a6y6Mi/jiFGPc1sC7QK+9BFhWrURE3EOggmWaSxL9OzQ==
  dependencies:
    "@types/lodash" "*"

"@types/lodash@*", "@types/lodash@^4.14.182":
  version "4.17.0"
  resolved "https://registry.npmjs.org/@types/lodash/-/lodash-4.17.0.tgz"
  integrity sha512-t7dhREVv6dbNj0q17X12j7yDG4bD/DHYX7o5/DbDxobP0HnGPgpRz2Ej77aL7TZT3DSw13fqUTj8J4mMnqa7WA==

"@types/web-bluetooth@^0.0.16":
  version "0.0.16"
  resolved "https://registry.npmjs.org/@types/web-bluetooth/-/web-bluetooth-0.0.16.tgz"
  integrity sha512-oh8q2Zc32S6gd/j50GowEjKLoOVOwHP/bWVjKJInBwQqdOYMdPrf1oVlelTlyfFK3CKxL1uahMDAr+vy8T7yMQ==

"@vitejs/plugin-vue@^5.0.4":
  version "5.0.4"
  resolved "https://registry.npmjs.org/@vitejs/plugin-vue/-/plugin-vue-5.0.4.tgz"
  integrity sha512-WS3hevEszI6CEVEx28F8RjTX97k3KsrcY6kvTg7+Whm5y3oYvcqzVeGCU3hxSAn4uY2CLCkeokkGKpoctccilQ==

"@vue/compiler-core@3.4.24":
  version "3.4.24"
  resolved "https://registry.npmjs.org/@vue/compiler-core/-/compiler-core-3.4.24.tgz"
  integrity sha512-vbW/tgbwJYj62N/Ww99x0zhFTkZDTcGh3uwJEuadZ/nF9/xuFMC4693P9r+3sxGXISABpDKvffY5ApH9pmdd1A==
  dependencies:
    "@babel/parser" "^7.24.4"
    "@vue/shared" "3.4.24"
    entities "^4.5.0"
    estree-walker "^2.0.2"
    source-map-js "^1.2.0"

"@vue/compiler-dom@3.4.24":
  version "3.4.24"
  resolved "https://registry.npmjs.org/@vue/compiler-dom/-/compiler-dom-3.4.24.tgz"
  integrity sha512-4XgABML/4cNndVsQndG6BbGN7+EoisDwi3oXNovqL/4jdNhwvP8/rfRMTb6FxkxIxUUtg6AI1/qZvwfSjxJiWA==
  dependencies:
    "@vue/compiler-core" "3.4.24"
    "@vue/shared" "3.4.24"

"@vue/compiler-sfc@3.4.24":
  version "3.4.24"
  resolved "https://registry.npmjs.org/@vue/compiler-sfc/-/compiler-sfc-3.4.24.tgz"
  integrity sha512-nRAlJUK02FTWfA2nuvNBAqsDZuERGFgxZ8sGH62XgFSvMxO2URblzulExsmj4gFZ8e+VAyDooU9oAoXfEDNxTA==
  dependencies:
    "@babel/parser" "^7.24.4"
    "@vue/compiler-core" "3.4.24"
    "@vue/compiler-dom" "3.4.24"
    "@vue/compiler-ssr" "3.4.24"
    "@vue/shared" "3.4.24"
    estree-walker "^2.0.2"
    magic-string "^0.30.10"
    postcss "^8.4.38"
    source-map-js "^1.2.0"

"@vue/compiler-ssr@3.4.24":
  version "3.4.24"
  resolved "https://registry.npmjs.org/@vue/compiler-ssr/-/compiler-ssr-3.4.24.tgz"
  integrity sha512-ZsAtr4fhaUFnVcDqwW3bYCSDwq+9Gk69q2r/7dAHDrOMw41kylaMgOP4zRnn6GIEJkQznKgrMOGPMFnLB52RbQ==
  dependencies:
    "@vue/compiler-dom" "3.4.24"
    "@vue/shared" "3.4.24"

"@vue/devtools-api@^6.5.0", "@vue/devtools-api@^6.5.1":
  version "6.6.1"
  resolved "https://registry.yarnpkg.com/@vue/devtools-api/-/devtools-api-6.6.1.tgz#7c14346383751d9f6ad4bea0963245b30220ef83"
  integrity sha512-LgPscpE3Vs0x96PzSSB4IGVSZXZBZHpfxs+ZA1d+VEPwHdOXowy/Y2CsvCAIFrf+ssVU1pD1jidj505EpUnfbA==

"@vue/reactivity@3.4.24":
  version "3.4.24"
  resolved "https://registry.npmjs.org/@vue/reactivity/-/reactivity-3.4.24.tgz"
  integrity sha512-nup3fSYg4i4LtNvu9slF/HF/0dkMQYfepUdORBcMSsankzRPzE7ypAFurpwyRBfU1i7Dn1kcwpYsE1wETSh91g==
  dependencies:
    "@vue/shared" "3.4.24"

"@vue/runtime-core@3.4.24":
  version "3.4.24"
  resolved "https://registry.npmjs.org/@vue/runtime-core/-/runtime-core-3.4.24.tgz"
  integrity sha512-c7iMfj6cJMeAG3s5yOn9Rc5D9e2/wIuaozmGf/ICGCY3KV5H7mbTVdvEkd4ZshTq7RUZqj2k7LMJWVx+EBiY1g==
  dependencies:
    "@vue/reactivity" "3.4.24"
    "@vue/shared" "3.4.24"

"@vue/runtime-dom@3.4.24":
  version "3.4.24"
  resolved "https://registry.npmjs.org/@vue/runtime-dom/-/runtime-dom-3.4.24.tgz"
  integrity sha512-uXKzuh/Emfad2Y7Qm0ABsLZZV6H3mAJ5ZVqmAOlrNQRf+T5mxpPGZBfec1hkP41t6h6FwF6RSGCs/gd8WbuySQ==
  dependencies:
    "@vue/runtime-core" "3.4.24"
    "@vue/shared" "3.4.24"
    csstype "^3.1.3"

"@vue/server-renderer@3.4.24":
  version "3.4.24"
  resolved "https://registry.npmjs.org/@vue/server-renderer/-/server-renderer-3.4.24.tgz"
  integrity sha512-H+DLK4sQF6sRgzKyofmlEVBIV/9KrQU6HIV7nt6yIwSGGKvSwlV8pqJlebUKLpbXaNHugdSfAbP6YmXF69lxow==
  dependencies:
    "@vue/compiler-ssr" "3.4.24"
    "@vue/shared" "3.4.24"

"@vue/shared@3.4.24":
  version "3.4.24"
  resolved "https://registry.npmjs.org/@vue/shared/-/shared-3.4.24.tgz"
  integrity sha512-BW4tajrJBM9AGAknnyEw5tO2xTmnqgup0VTnDAMcxYmqOX0RG0b9aSUGAbEKolD91tdwpA6oCwbltoJoNzpItw==

"@vueuse/core@^9.1.0":
  version "9.13.0"
  resolved "https://registry.npmjs.org/@vueuse/core/-/core-9.13.0.tgz"
  integrity sha512-pujnclbeHWxxPRqXWmdkKV5OX4Wk4YeK7wusHqRwU0Q7EFusHoqNA/aPhB6KCh9hEqJkLAJo7bb0Lh9b+OIVzw==
  dependencies:
    "@types/web-bluetooth" "^0.0.16"
    "@vueuse/metadata" "9.13.0"
    "@vueuse/shared" "9.13.0"
    vue-demi "*"

"@vueuse/metadata@9.13.0":
  version "9.13.0"
  resolved "https://registry.npmjs.org/@vueuse/metadata/-/metadata-9.13.0.tgz"
  integrity sha512-gdU7TKNAUVlXXLbaF+ZCfte8BjRJQWPCa2J55+7/h+yDtzw3vOoGQDRXzI6pyKyo6bXFT5/QoPE4hAknExjRLQ==

"@vueuse/shared@9.13.0":
  version "9.13.0"
  resolved "https://registry.npmjs.org/@vueuse/shared/-/shared-9.13.0.tgz"
  integrity sha512-UrnhU+Cnufu4S6JLCPZnkWh0WwZGUp72ktOF2DFptMlOs3TOdVv8xJN53zhHGARmVOsz5KqOls09+J1NR6sBKw==
  dependencies:
    vue-demi "*"

acorn@^8.10.0, acorn@^8.11.2, acorn@^8.11.3:
  version "8.11.3"
  resolved "https://registry.npmjs.org/acorn/-/acorn-8.11.3.tgz"
  integrity sha512-Y9rRfJG5jcKOE0CLisYbojUjIrIEE7AGMzA/Sm4BslANhbS+cDMpgBdcPT91oJ7OuJ9hYJBx59RjbhxVnrF8Xg==

anymatch@~3.1.2:
  version "3.1.3"
  resolved "https://registry.npmjs.org/anymatch/-/anymatch-3.1.3.tgz"
  integrity sha512-KMReFUr0B4t+D+OBkjR3KYqvocp2XaSzO55UcB6mgQMd3KbcE+mWTyvVV7D/zsdEbNnV6acZUutkiHQXvTr1Rw==
  dependencies:
    normalize-path "^3.0.0"
    picomatch "^2.0.4"

async-validator@^4.2.5:
  version "4.2.5"
  resolved "https://registry.npmjs.org/async-validator/-/async-validator-4.2.5.tgz"
  integrity sha512-7HhHjtERjqlNbZtqNqy2rckN/SpOOlmDliet+lP7k+eKZEjPk3DgyeU9lIXLdeLz0uBbbVp+9Qdow9wJWgwwfg==

balanced-match@^1.0.0:
  version "1.0.2"
  resolved "https://registry.npmjs.org/balanced-match/-/balanced-match-1.0.2.tgz"
  integrity sha512-3oSeUO0TMV67hN1AmbXsK4yaqU7tjiHlbxRDZOpH0KW9+CeX4bRAaX0Anxt0tx2MrpRpWwQaPwIlISEJhYU5Pw==

binary-extensions@^2.0.0:
  version "2.3.0"
  resolved "https://registry.npmjs.org/binary-extensions/-/binary-extensions-2.3.0.tgz"
  integrity sha512-Ceh+7ox5qe7LJuLHoY0feh3pHuUDHAcRUeyL2VYghZwfpkNIy/+8Ocg0a3UuSoYzavmylwuLWQOf3hl0jjMMIw==

brace-expansion@^2.0.1:
  version "2.0.1"
  resolved "https://registry.npmjs.org/brace-expansion/-/brace-expansion-2.0.1.tgz"
  integrity sha512-XnAIvQ8eM+kC6aULx6wuQiwVsnzsi9d3WxzV3FpWTGA19F621kwdbsAcFKXgKUHZWsy+mY6iL1sHTxWEFCytDA==
  dependencies:
    balanced-match "^1.0.0"

braces@^3.0.2, braces@~3.0.2:
  version "3.0.2"
  resolved "https://registry.npmjs.org/braces/-/braces-3.0.2.tgz"
  integrity sha512-b8um+L1RzM3WDSzvhm6gIz1yfTbBt6YTlcEKAvsmqCZZFw46z626lVj9j1yEPW33H5H+lBQpZMP1k8l+78Ha0A==
  dependencies:
    fill-range "^7.0.1"

chokidar@^3.5.3, chokidar@^3.6.0:
  version "3.6.0"
  resolved "https://registry.npmjs.org/chokidar/-/chokidar-3.6.0.tgz"
  integrity sha512-7VT13fmjotKpGipCW9JEQAusEPE+Ei8nl6/g4FBAmIm0GOOLMua9NDDo/DWp0ZAxCr3cPq5ZpBqmPAQgDda2Pw==
  dependencies:
    anymatch "~3.1.2"
    braces "~3.0.2"
    glob-parent "~5.1.2"
    is-binary-path "~2.1.0"
    is-glob "~4.0.1"
    normalize-path "~3.0.0"
    readdirp "~3.6.0"
  optionalDependencies:
    fsevents "~2.3.2"

confbox@^0.1.7:
  version "0.1.7"
  resolved "https://registry.npmjs.org/confbox/-/confbox-0.1.7.tgz"
  integrity sha512-uJcB/FKZtBMCJpK8MQji6bJHgu1tixKPxRLeGkNzBoOZzpnZUJm0jm2/sBDWcuBx1dYgxV4JU+g5hmNxCyAmdA==

csstype@^3.1.3:
  version "3.1.3"
  resolved "https://registry.npmjs.org/csstype/-/csstype-3.1.3.tgz"
  integrity sha512-M1uQkMl8rQK/szD0LNhtqxIPLpimGm8sOBwU7lLnCpSbTyY3yeU1Vc7l4KT5zT4s/yOxHH5O7tIuuLOCnLADRw==

dayjs@^1.11.3:
  version "1.11.10"
  resolved "https://registry.npmjs.org/dayjs/-/dayjs-1.11.10.tgz"
  integrity sha512-vjAczensTgRcqDERK0SR2XMwsF/tSvnvlv6VcF2GIhg6Sx4yOIt/irsr1RDJsKiIyBzJDpCoXiWWq28MqH2cnQ==

debug@^4.3.4:
  version "4.3.4"
  resolved "https://registry.npmjs.org/debug/-/debug-4.3.4.tgz"
  integrity sha512-PRWFHuSU3eDtQJPvnNY7Jcket1j0t5OuOsFzPPzsekD52Zl8qUfFIPEiswXqIvHWGVHOgX+7G/vCNNhehwxfkQ==
  dependencies:
    ms "2.1.2"

element-plus@^2.7.1:
  version "2.7.1"
  resolved "https://registry.npmjs.org/element-plus/-/element-plus-2.7.1.tgz"
  integrity sha512-yk/vXFwJp0flMrd2kfcR0XlumhwtPjB19HJvwcf0n3DvRE7UK8LeSK14LVghSzk0TzPsFFElweMnZEEv7+MYuQ==
  dependencies:
    "@ctrl/tinycolor" "^3.4.1"
    "@element-plus/icons-vue" "^2.3.1"
    "@floating-ui/dom" "^1.0.1"
    "@popperjs/core" "npm:@sxzz/popperjs-es@^2.11.7"
    "@types/lodash" "^4.14.182"
    "@types/lodash-es" "^4.17.6"
    "@vueuse/core" "^9.1.0"
    async-validator "^4.2.5"
    dayjs "^1.11.3"
    escape-html "^1.0.3"
    lodash "^4.17.21"
    lodash-es "^4.17.21"
    lodash-unified "^1.0.2"
    memoize-one "^6.0.0"
    normalize-wheel-es "^1.2.0"

entities@^4.5.0:
  version "4.5.0"
  resolved "https://registry.npmjs.org/entities/-/entities-4.5.0.tgz"
  integrity sha512-V0hjH4dGPh9Ao5p0MoRY6BVqtwCjhz6vI5LT8AJ55H+4g9/4vbHx1I54fS0XuclLhDHArPQCiMjDxjaL8fPxhw==

esbuild@^0.20.1:
  version "0.20.2"
  resolved "https://registry.npmjs.org/esbuild/-/esbuild-0.20.2.tgz"
  integrity sha512-WdOOppmUNU+IbZ0PaDiTst80zjnrOkyJNHoKupIcVyU8Lvla3Ugx94VzkQ32Ijqd7UhHJy75gNWDMUekcrSJ6g==
  optionalDependencies:
    "@esbuild/aix-ppc64" "0.20.2"
    "@esbuild/android-arm" "0.20.2"
    "@esbuild/android-arm64" "0.20.2"
    "@esbuild/android-x64" "0.20.2"
    "@esbuild/darwin-arm64" "0.20.2"
    "@esbuild/darwin-x64" "0.20.2"
    "@esbuild/freebsd-arm64" "0.20.2"
    "@esbuild/freebsd-x64" "0.20.2"
    "@esbuild/linux-arm" "0.20.2"
    "@esbuild/linux-arm64" "0.20.2"
    "@esbuild/linux-ia32" "0.20.2"
    "@esbuild/linux-loong64" "0.20.2"
    "@esbuild/linux-mips64el" "0.20.2"
    "@esbuild/linux-ppc64" "0.20.2"
    "@esbuild/linux-riscv64" "0.20.2"
    "@esbuild/linux-s390x" "0.20.2"
    "@esbuild/linux-x64" "0.20.2"
    "@esbuild/netbsd-x64" "0.20.2"
    "@esbuild/openbsd-x64" "0.20.2"
    "@esbuild/sunos-x64" "0.20.2"
    "@esbuild/win32-arm64" "0.20.2"
    "@esbuild/win32-ia32" "0.20.2"
    "@esbuild/win32-x64" "0.20.2"

escape-html@^1.0.3:
  version "1.0.3"
  resolved "https://registry.npmjs.org/escape-html/-/escape-html-1.0.3.tgz"
  integrity sha512-NiSupZ4OeuGwr68lGIeym/ksIZMJodUGOSCZ/FSnTxcrekbvqrgdUxlJOMpijaKZVjAJrWrGs/6Jy8OMuyj9ow==

escape-string-regexp@^5.0.0:
  version "5.0.0"
  resolved "https://registry.npmjs.org/escape-string-regexp/-/escape-string-regexp-5.0.0.tgz"
  integrity sha512-/veY75JbMK4j1yjvuUxuVsiS/hr/4iHs9FTT6cgTexxdE0Ly/glccBAkloH/DofkjRbZU3bnoj38mOmhkZ0lHw==

estree-walker@^2.0.2:
  version "2.0.2"
  resolved "https://registry.npmjs.org/estree-walker/-/estree-walker-2.0.2.tgz"
  integrity sha512-Rfkk/Mp/DL7JVje3u18FxFujQlTNR2q6QfMSMB7AvCBx91NGj/ba3kCfza0f6dVDbw7YlRf/nDrn7pQrCCyQ/w==

estree-walker@^3.0.3:
  version "3.0.3"
  resolved "https://registry.npmjs.org/estree-walker/-/estree-walker-3.0.3.tgz"
  integrity sha512-7RUKfXgSMMkzt6ZuXmqapOurLGPPfgj6l9uRZ7lRGolvk0y2yocc35LdcxKC5PQZdn2DMqioAQ2NoWcrTKmm6g==
  dependencies:
    "@types/estree" "^1.0.0"

fast-glob@^3.3.1, fast-glob@^3.3.2:
  version "3.3.2"
  resolved "https://registry.npmjs.org/fast-glob/-/fast-glob-3.3.2.tgz"
  integrity sha512-oX2ruAFQwf/Orj8m737Y5adxDQO0LAB7/S5MnxCdTNDd4p6BsyIVsv9JQsATbTSq8KHRpLwIHbVlUNatxd+1Ow==
  dependencies:
    "@nodelib/fs.stat" "^2.0.2"
    "@nodelib/fs.walk" "^1.2.3"
    glob-parent "^5.1.2"
    merge2 "^1.3.0"
    micromatch "^4.0.4"

fastq@^1.6.0:
  version "1.17.1"
  resolved "https://registry.npmjs.org/fastq/-/fastq-1.17.1.tgz"
  integrity sha512-sRVD3lWVIXWg6By68ZN7vho9a1pQcN/WBFaAAsDDFzlJjvoGx0P8z7V1t72grFJfJhu3YPZBuu25f7Kaw2jN1w==
  dependencies:
    reusify "^1.0.4"

fill-range@^7.0.1:
  version "7.0.1"
  resolved "https://registry.npmjs.org/fill-range/-/fill-range-7.0.1.tgz"
  integrity sha512-qOo9F+dMUmC2Lcb4BbVvnKJxTPjCm+RRpe4gDuGrzkL7mEVl/djYSu2OdQ2Pa302N4oqkSg9ir6jaLWJ2USVpQ==
  dependencies:
    to-regex-range "^5.0.1"

fsevents@~2.3.2, fsevents@~2.3.3:
  version "2.3.3"
  resolved "https://registry.npmjs.org/fsevents/-/fsevents-2.3.3.tgz"
  integrity sha512-5xoDfX+fL7faATnagmWPpbFtwh/R77WmMMqqHGS65C3vvB0YHrgF+B1YmZ3441tMj5n63k0212XNoJwzlhffQw==

function-bind@^1.1.2:
  version "1.1.2"
  resolved "https://registry.npmjs.org/function-bind/-/function-bind-1.1.2.tgz"
  integrity sha512-7XHNxH7qX9xG5mIwxkhumTox/MIRNcOgDrxWsMt2pAr23WHp6MrRlN7FBSFpCpr+oVO0F744iUgR82nJMfG2SA==

glob-parent@^5.1.2, glob-parent@~5.1.2:
  version "5.1.2"
  resolved "https://registry.npmjs.org/glob-parent/-/glob-parent-5.1.2.tgz"
  integrity sha512-AOIgSQCepiJYwP3ARnGx+5VnTu2HBYdzbGP45eLw1vr3zB3vZLeyed1sC9hnbcOc9/SrMyM5RPQrkGz4aS9Zow==
  dependencies:
    is-glob "^4.0.1"

hasown@^2.0.0:
  version "2.0.2"
  resolved "https://registry.npmjs.org/hasown/-/hasown-2.0.2.tgz"
  integrity sha512-0hJU9SCPvmMzIBdZFqNPXWa6dqh7WdH0cII9y+CyS8rG3nL48Bclra9HmKhVVUHyPWNH5Y7xDwAB7bfgSjkUMQ==
  dependencies:
    function-bind "^1.1.2"

is-binary-path@~2.1.0:
  version "2.1.0"
  resolved "https://registry.npmjs.org/is-binary-path/-/is-binary-path-2.1.0.tgz"
  integrity sha512-ZMERYes6pDydyuGidse7OsHxtbI7WVeUEozgR/g7rd0xUimYNlvZRE/K2MgZTjWy725IfelLeVcEM97mmtRGXw==
  dependencies:
    binary-extensions "^2.0.0"

is-core-module@^2.13.0:
  version "2.13.1"
  resolved "https://registry.npmjs.org/is-core-module/-/is-core-module-2.13.1.tgz"
  integrity sha512-hHrIjvZsftOsvKSn2TRYl63zvxsgE0K+0mYMoH6gD4omR5IWB2KynivBQczo3+wF1cCkjzvptnI9Q0sPU66ilw==
  dependencies:
    hasown "^2.0.0"

is-extglob@^2.1.1:
  version "2.1.1"
  resolved "https://registry.npmjs.org/is-extglob/-/is-extglob-2.1.1.tgz"
  integrity sha512-SbKbANkN603Vi4jEZv49LeVJMn4yGwsbzZworEoyEiutsN3nJYdbO36zfhGJ6QEDpOZIFkDtnq5JRxmvl3jsoQ==

is-glob@^4.0.1, is-glob@~4.0.1:
  version "4.0.3"
  resolved "https://registry.npmjs.org/is-glob/-/is-glob-4.0.3.tgz"
  integrity sha512-xelSayHH36ZgE7ZWhli7pW34hNbNl8Ojv5KVmkJD4hBdD3th8Tfk9vYasLM+mXWOZhFkgZfxhLSnrwRr4elSSg==
  dependencies:
    is-extglob "^2.1.1"

is-number@^7.0.0:
  version "7.0.0"
  resolved "https://registry.npmjs.org/is-number/-/is-number-7.0.0.tgz"
  integrity sha512-41Cifkg6e8TylSpdtTpeLVMqvSBEVzTttHvERD741+pnZ8ANv0004MRL43QKPDlK9cGvNp6NZWZUBlbGXYxxng==

local-pkg@^0.4.3:
  version "0.4.3"
  resolved "https://registry.npmjs.org/local-pkg/-/local-pkg-0.4.3.tgz"
  integrity sha512-SFppqq5p42fe2qcZQqqEOiVRXl+WCP1MdT6k7BDEW1j++sp5fIY+/fdRQitvKgB5BrBcmrs5m/L0v2FrU5MY1g==

local-pkg@^0.5.0:
  version "0.5.0"
  resolved "https://registry.npmjs.org/local-pkg/-/local-pkg-0.5.0.tgz"
  integrity sha512-ok6z3qlYyCDS4ZEU27HaU6x/xZa9Whf8jD4ptH5UZTQYZVYeb9bnZ3ojVhiJNLiXK1Hfc0GNbLXcmZ5plLDDBg==
  dependencies:
    mlly "^1.4.2"
    pkg-types "^1.0.3"

lodash-es@^4.17.21:
  version "4.17.21"
  resolved "https://registry.npmjs.org/lodash-es/-/lodash-es-4.17.21.tgz"
  integrity sha512-mKnC+QJ9pWVzv+C4/U3rRsHapFfHvQFoFB92e52xeyGMcX6/OlIl78je1u8vePzYZSkkogMPJ2yjxxsb89cxyw==

lodash-unified@^1.0.2:
  version "1.0.3"
  resolved "https://registry.npmjs.org/lodash-unified/-/lodash-unified-1.0.3.tgz"
  integrity sha512-WK9qSozxXOD7ZJQlpSqOT+om2ZfcT4yO+03FuzAHD0wF6S0l0090LRPDx3vhTTLZ8cFKpBn+IOcVXK6qOcIlfQ==

lodash@^4.17.21:
  version "4.17.21"
  resolved "https://registry.npmjs.org/lodash/-/lodash-4.17.21.tgz"
  integrity sha512-v2kDEe57lecTulaDIuNTPy3Ry4gLGJ6Z1O3vE1krgXZNrsQ+LFTGHVxVjcXPs17LhbZVGedAJv8XZ1tvj5FvSg==

magic-string@^0.30.10, magic-string@^0.30.3, magic-string@^0.30.5:
  version "0.30.10"
  resolved "https://registry.npmjs.org/magic-string/-/magic-string-0.30.10.tgz"
  integrity sha512-iIRwTIf0QKV3UAnYK4PU8uiEc4SRh5jX0mwpIwETPpHdhVM4f53RSwS/vXvN1JhGX+Cs7B8qIq3d6AH49O5fAQ==
  dependencies:
    "@jridgewell/sourcemap-codec" "^1.4.15"

memoize-one@^6.0.0:
  version "6.0.0"
  resolved "https://registry.npmjs.org/memoize-one/-/memoize-one-6.0.0.tgz"
  integrity sha512-rkpe71W0N0c0Xz6QD0eJETuWAJGnJ9afsl1srmwPrI+yBCkge5EycXXbYRyvL29zZVUWQCY7InPRCv3GDXuZNw==

merge2@^1.3.0:
  version "1.4.1"
  resolved "https://registry.npmjs.org/merge2/-/merge2-1.4.1.tgz"
  integrity sha512-8q7VEgMJW4J8tcfVPy8g09NcQwZdbwFEqhe/WZkoIzjn/3TGDwtOCYtXGxA3O8tPzpczCCDgv+P2P5y00ZJOOg==

micromatch@^4.0.4:
  version "4.0.5"
  resolved "https://registry.npmjs.org/micromatch/-/micromatch-4.0.5.tgz"
  integrity sha512-DMy+ERcEW2q8Z2Po+WNXuw3c5YaUSFjAO5GsJqfEl7UjvtIuFKO6ZrKvcItdy98dwFI2N1tg3zNIdKaQT+aNdA==
  dependencies:
    braces "^3.0.2"
    picomatch "^2.3.1"

minimatch@^9.0.3:
  version "9.0.4"
  resolved "https://registry.npmjs.org/minimatch/-/minimatch-9.0.4.tgz"
  integrity sha512-KqWh+VchfxcMNRAJjj2tnsSJdNbHsVgnkBhTNrW7AjVo6OvLtxw8zfT9oLw1JSohlFzJ8jCoTgaoXvJ+kHt6fw==
  dependencies:
    brace-expansion "^2.0.1"

mlly@^1.4.2, mlly@^1.6.1:
  version "1.6.1"
  resolved "https://registry.npmjs.org/mlly/-/mlly-1.6.1.tgz"
  integrity sha512-vLgaHvaeunuOXHSmEbZ9izxPx3USsk8KCQ8iC+aTlp5sKRSoZvwhHh5L9VbKSaVC6sJDqbyohIS76E2VmHIPAA==
  dependencies:
    acorn "^8.11.3"
    pathe "^1.1.2"
    pkg-types "^1.0.3"
    ufo "^1.3.2"

ms@2.1.2:
  version "2.1.2"
  resolved "https://registry.npmjs.org/ms/-/ms-2.1.2.tgz"
  integrity sha512-sGkPx+VjMtmA6MX27oA4FBFELFCZZ4S4XqeGOXCv68tT+jb3vk/RyaKWP0PTKyWtmLSM0b+adUTEvbs1PEaH2w==

nanoid@^3.3.7:
  version "3.3.7"
  resolved "https://registry.npmjs.org/nanoid/-/nanoid-3.3.7.tgz"
  integrity sha512-eSRppjcPIatRIMC1U6UngP8XFcz8MQWGQdt1MTBQ7NaAmvXDfvNxbvWV3x2y6CdEUciCSsDHDQZbhYaB8QEo2g==

normalize-path@^3.0.0, normalize-path@~3.0.0:
  version "3.0.0"
  resolved "https://registry.npmjs.org/normalize-path/-/normalize-path-3.0.0.tgz"
  integrity sha512-6eZs5Ls3WtCisHWp9S2GUy8dqkpGi4BVSz3GaqiE6ezub0512ESztXUwUB6C6IKbQkY2Pnb/mD4WYojCRwcwLA==

normalize-wheel-es@^1.2.0:
  version "1.2.0"
  resolved "https://registry.npmjs.org/normalize-wheel-es/-/normalize-wheel-es-1.2.0.tgz"
  integrity sha512-Wj7+EJQ8mSuXr2iWfnujrimU35R2W4FAErEyTmJoJ7ucwTn2hOUSsRehMb5RSYkxXGTM7Y9QpvPmp++w5ftoJw==

path-parse@^1.0.7:
  version "1.0.7"
  resolved "https://registry.npmjs.org/path-parse/-/path-parse-1.0.7.tgz"
  integrity sha512-LDJzPVEEEPR+y48z93A0Ed0yXb8pAByGWo/k5YYdYgpY2/2EsOsksJrq7lOHxryrVOn1ejG6oAp8ahvOIQD8sw==

pathe@^1.1.1, pathe@^1.1.2:
  version "1.1.2"
  resolved "https://registry.npmjs.org/pathe/-/pathe-1.1.2.tgz"
  integrity sha512-whLdWMYL2TwI08hn8/ZqAbrVemu0LNaNNJZX73O6qaIdCTfXutsLhMkjdENX0qhsQ9uIimo4/aQOmXkoon2nDQ==

picocolors@^1.0.0:
  version "1.0.0"
  resolved "https://registry.npmjs.org/picocolors/-/picocolors-1.0.0.tgz"
  integrity sha512-1fygroTLlHu66zi26VoTDv8yRgm0Fccecssto+MhsZ0D/DGW2sm8E8AjW7NU5VVTRt5GxbeZ5qBuJr+HyLYkjQ==

picomatch@^2.0.4, picomatch@^2.2.1, picomatch@^2.3.1:
  version "2.3.1"
  resolved "https://registry.npmjs.org/picomatch/-/picomatch-2.3.1.tgz"
  integrity sha512-JU3teHTNjmE2VCGFzuY8EXzCDVwEqB2a8fsIvwaStHhAWJEeVd1o1QD80CU6+ZdEXXSLbSsuLwJjkCBWqRQUVA==

pinia-plugin-persist@^1.0.0:
  version "1.0.0"
  resolved "https://registry.yarnpkg.com/pinia-plugin-persist/-/pinia-plugin-persist-1.0.0.tgz#fc696f225527f30bd5955109fafadd43c725e888"
  integrity sha512-M4hBBd8fz/GgNmUPaaUsC29y1M09lqbXrMAHcusVoU8xlQi1TqgkWnnhvMikZwr7Le/hVyMx8KUcumGGrR6GVw==
  dependencies:
    vue-demi "^0.12.1"

pinia@^2.1.7:
  version "2.1.7"
  resolved "https://registry.yarnpkg.com/pinia/-/pinia-2.1.7.tgz#4cf5420d9324ca00b7b4984d3fbf693222115bbc"
  integrity sha512-+C2AHFtcFqjPih0zpYuvof37SFxMQ7OEG2zV9jRI12i9BOy3YQVAHwdKtyyc8pDcDyIc33WCIsZaCFWU7WWxGQ==
  dependencies:
    "@vue/devtools-api" "^6.5.0"
    vue-demi ">=0.14.5"

pkg-types@^1.0.3:
  version "1.1.0"
  resolved "https://registry.npmjs.org/pkg-types/-/pkg-types-1.1.0.tgz"
  integrity sha512-/RpmvKdxKf8uILTtoOhAgf30wYbP2Qw+L9p3Rvshx1JZVX+XQNZQFjlbmGHEGIm4CkVPlSn+NXmIM8+9oWQaSA==
  dependencies:
    confbox "^0.1.7"
    mlly "^1.6.1"
    pathe "^1.1.2"

postcss-pxtorem@^6.1.0:
  version "6.1.0"
  resolved "https://registry.yarnpkg.com/postcss-pxtorem/-/postcss-pxtorem-6.1.0.tgz#7e6410e30426adef53bad6c4c5f00cd5f586937c"
  integrity sha512-ROODSNci9ADal3zUcPHOF/K83TiCgNSPXQFSbwyPHNV8ioHIE4SaC+FPOufd8jsr5jV2uIz29v1Uqy1c4ov42g==

postcss@^8.4.38:
  version "8.4.38"
  resolved "https://registry.npmjs.org/postcss/-/postcss-8.4.38.tgz"
  integrity sha512-Wglpdk03BSfXkHoQa3b/oulrotAkwrlLDRSOb9D0bN86FdRyE9lppSp33aHNPgBa0JKCoB+drFLZkQoRRYae5A==
  dependencies:
    nanoid "^3.3.7"
    picocolors "^1.0.0"
    source-map-js "^1.2.0"

queue-microtask@^1.2.2:
  version "1.2.3"
  resolved "https://registry.npmjs.org/queue-microtask/-/queue-microtask-1.2.3.tgz"
  integrity sha512-NuaNSa6flKT5JaSYQzJok04JzTL1CA6aGhv5rfLW3PgqA+M2ChpZQnAC8h8i4ZFkBS8X5RqkDBHA7r4hej3K9A==

readdirp@~3.6.0:
  version "3.6.0"
  resolved "https://registry.npmjs.org/readdirp/-/readdirp-3.6.0.tgz"
  integrity sha512-hOS089on8RduqdbhvQ5Z37A0ESjsqz6qnRcffsMU3495FuTdqSm+7bhJ29JvIOsBDEEnan5DPu9t3To9VRlMzA==
  dependencies:
    picomatch "^2.2.1"

resolve@^1.22.4:
  version "1.22.8"
  resolved "https://registry.npmjs.org/resolve/-/resolve-1.22.8.tgz"
  integrity sha512-oKWePCxqpd6FlLvGV1VU0x7bkPmmCNolxzjMf4NczoDnQcIWrAF+cPtZn5i6n+RfD2d9i0tzpKnG6Yk168yIyw==
  dependencies:
    is-core-module "^2.13.0"
    path-parse "^1.0.7"
    supports-preserve-symlinks-flag "^1.0.0"

reusify@^1.0.4:
  version "1.0.4"
  resolved "https://registry.npmjs.org/reusify/-/reusify-1.0.4.tgz"
  integrity sha512-U9nH88a3fc/ekCF1l0/UP1IosiuIjyTh7hBvXVMHYgVcfGvt897Xguj2UOLDeI5BG2m7/uwyaLVT6fbtCwTyzw==

rollup@^4.13.0:
  version "4.16.2"
  resolved "https://registry.npmjs.org/rollup/-/rollup-4.16.2.tgz"
  integrity sha512-sxDP0+pya/Yi5ZtptF4p3avI+uWCIf/OdrfdH2Gbv1kWddLKk0U7WE3PmQokhi5JrektxsK3sK8s4hzAmjqahw==
  dependencies:
    "@types/estree" "1.0.5"
  optionalDependencies:
    "@rollup/rollup-android-arm-eabi" "4.16.2"
    "@rollup/rollup-android-arm64" "4.16.2"
    "@rollup/rollup-darwin-arm64" "4.16.2"
    "@rollup/rollup-darwin-x64" "4.16.2"
    "@rollup/rollup-linux-arm-gnueabihf" "4.16.2"
    "@rollup/rollup-linux-arm-musleabihf" "4.16.2"
    "@rollup/rollup-linux-arm64-gnu" "4.16.2"
    "@rollup/rollup-linux-arm64-musl" "4.16.2"
    "@rollup/rollup-linux-powerpc64le-gnu" "4.16.2"
    "@rollup/rollup-linux-riscv64-gnu" "4.16.2"
    "@rollup/rollup-linux-s390x-gnu" "4.16.2"
    "@rollup/rollup-linux-x64-gnu" "4.16.2"
    "@rollup/rollup-linux-x64-musl" "4.16.2"
    "@rollup/rollup-win32-arm64-msvc" "4.16.2"
    "@rollup/rollup-win32-ia32-msvc" "4.16.2"
    "@rollup/rollup-win32-x64-msvc" "4.16.2"
    fsevents "~2.3.2"

run-parallel@^1.1.9:
  version "1.2.0"
  resolved "https://registry.npmjs.org/run-parallel/-/run-parallel-1.2.0.tgz"
  integrity sha512-5l4VyZR86LZ/lDxZTR6jqL8AFE2S0IFLMP26AbjsLVADxHdhB/c0GUsH+y39UfCi3dzz8OlQuPmnaJOMoDHQBA==
  dependencies:
    queue-microtask "^1.2.2"

scule@^1.1.1:
  version "1.3.0"
  resolved "https://registry.npmjs.org/scule/-/scule-1.3.0.tgz"
  integrity sha512-6FtHJEvt+pVMIB9IBY+IcCJ6Z5f1iQnytgyfKMhDKgmzYG+TeH/wx1y3l27rshSbLiSanrR9ffZDrEsmjlQF2g==

source-map-js@^1.2.0:
  version "1.2.0"
  resolved "https://registry.npmjs.org/source-map-js/-/source-map-js-1.2.0.tgz"
  integrity sha512-itJW8lvSA0TXEphiRoawsCksnlf8SyvmFzIhltqAHluXd88pkCd+cXJVHTDwdCr0IzwptSm035IHQktUu1QUMg==

strip-literal@^1.3.0:
  version "1.3.0"
  resolved "https://registry.npmjs.org/strip-literal/-/strip-literal-1.3.0.tgz"
  integrity sha512-PugKzOsyXpArk0yWmUwqOZecSO0GH0bPoctLcqNDH9J04pVW3lflYE0ujElBGTloevcxF5MofAOZ7C5l2b+wLg==
  dependencies:
    acorn "^8.10.0"

supports-preserve-symlinks-flag@^1.0.0:
  version "1.0.0"
  resolved "https://registry.npmjs.org/supports-preserve-symlinks-flag/-/supports-preserve-symlinks-flag-1.0.0.tgz"
  integrity sha512-ot0WnXS9fgdkgIcePe6RHNk1WA8+muPa6cSjeR3V8K27q9BB1rTE3R1p7Hv0z1ZyAc8s6Vvv8DIyWf681MAt0w==

to-regex-range@^5.0.1:
  version "5.0.1"
  resolved "https://registry.npmjs.org/to-regex-range/-/to-regex-range-5.0.1.tgz"
  integrity sha512-65P7iz6X5yEr1cwcgvQxbbIw7Uk3gOy5dIdtZ4rDveLqhrdJP+Li/Hx6tyK0NEb+2GCyneCMJiGqrADCSNk8sQ==
  dependencies:
    is-number "^7.0.0"

ufo@^1.3.2:
  version "1.5.3"
  resolved "https://registry.npmjs.org/ufo/-/ufo-1.5.3.tgz"
  integrity sha512-Y7HYmWaFwPUmkoQCUIAYpKqkOf+SbVj/2fJJZ4RJMCfZp0rTGwRbzQD+HghfnhKOjL9E01okqz+ncJskGYfBNw==

unimport@^3.7.1:
  version "3.7.1"
  resolved "https://registry.npmjs.org/unimport/-/unimport-3.7.1.tgz"
  integrity sha512-V9HpXYfsZye5bPPYUgs0Otn3ODS1mDUciaBlXljI4C2fTwfFpvFZRywmlOu943puN9sncxROMZhsZCjNXEpzEQ==
  dependencies:
    "@rollup/pluginutils" "^5.1.0"
    acorn "^8.11.2"
    escape-string-regexp "^5.0.0"
    estree-walker "^3.0.3"
    fast-glob "^3.3.2"
    local-pkg "^0.5.0"
    magic-string "^0.30.5"
    mlly "^1.4.2"
    pathe "^1.1.1"
    pkg-types "^1.0.3"
    scule "^1.1.1"
    strip-literal "^1.3.0"
    unplugin "^1.5.1"

unplugin-auto-import@^0.17.5:
  version "0.17.5"
  resolved "https://registry.npmjs.org/unplugin-auto-import/-/unplugin-auto-import-0.17.5.tgz"
  integrity sha512-fHNDkDSxv3PGagX1wmKBYBkgaM4AKAgZmdJw/bxjhNljx9KSXSgHpGfX0MwUrq9qw6q1bhHIZVWyOwoY2koo4w==
  dependencies:
    "@antfu/utils" "^0.7.7"
    "@rollup/pluginutils" "^5.1.0"
    fast-glob "^3.3.2"
    local-pkg "^0.5.0"
    magic-string "^0.30.5"
    minimatch "^9.0.3"
    unimport "^3.7.1"
    unplugin "^1.6.0"

unplugin-vue-components@^0.26.0:
  version "0.26.0"
  resolved "https://registry.npmjs.org/unplugin-vue-components/-/unplugin-vue-components-0.26.0.tgz"
  integrity sha512-s7IdPDlnOvPamjunVxw8kNgKNK8A5KM1YpK5j/p97jEKTjlPNrA0nZBiSfAKKlK1gWZuyWXlKL5dk3EDw874LQ==
  dependencies:
    "@antfu/utils" "^0.7.6"
    "@rollup/pluginutils" "^5.0.4"
    chokidar "^3.5.3"
    debug "^4.3.4"
    fast-glob "^3.3.1"
    local-pkg "^0.4.3"
    magic-string "^0.30.3"
    minimatch "^9.0.3"
    resolve "^1.22.4"
    unplugin "^1.4.0"

unplugin@^1.4.0, unplugin@^1.5.1, unplugin@^1.6.0:
  version "1.10.1"
  resolved "https://registry.npmjs.org/unplugin/-/unplugin-1.10.1.tgz"
  integrity sha512-d6Mhq8RJeGA8UfKCu54Um4lFA0eSaRa3XxdAJg8tIdxbu1ubW0hBCZUL7yI2uGyYCRndvbK8FLHzqy2XKfeMsg==
  dependencies:
    acorn "^8.11.3"
    chokidar "^3.6.0"
    webpack-sources "^3.2.3"
    webpack-virtual-modules "^0.6.1"

vite@^5.2.0:
  version "5.2.10"
  resolved "https://registry.npmjs.org/vite/-/vite-5.2.10.tgz"
  integrity sha512-PAzgUZbP7msvQvqdSD+ErD5qGnSFiGOoWmV5yAKUEI0kdhjbH6nMWVyZQC/hSc4aXwc0oJ9aEdIiF9Oje0JFCw==
  dependencies:
    esbuild "^0.20.1"
    postcss "^8.4.38"
    rollup "^4.13.0"
  optionalDependencies:
    fsevents "~2.3.3"

vue-demi@*, vue-demi@>=0.14.5:
  version "0.14.7"
  resolved "https://registry.npmjs.org/vue-demi/-/vue-demi-0.14.7.tgz"
  integrity sha512-EOG8KXDQNwkJILkx/gPcoL/7vH+hORoBaKgGe+6W7VFMvCYJfmF2dGbvgDroVnI8LU7/kTu8mbjRZGBU1z9NTA==

vue-demi@^0.12.1:
  version "0.12.5"
  resolved "https://registry.yarnpkg.com/vue-demi/-/vue-demi-0.12.5.tgz#8eeed566a7d86eb090209a11723f887d28aeb2d1"
  integrity sha512-BREuTgTYlUr0zw0EZn3hnhC3I6gPWv+Kwh4MCih6QcAeaTlaIX0DwOVN0wHej7hSvDPecz4jygy/idsgKfW58Q==

vue-router@4:
  version "4.3.2"
  resolved "https://registry.yarnpkg.com/vue-router/-/vue-router-4.3.2.tgz#08096c7765dacc6832f58e35f7a081a8b34116a7"
  integrity sha512-hKQJ1vDAZ5LVkKEnHhmm1f9pMiWIBNGF5AwU67PdH7TyXCj/a4hTccuUuYCAMgJK6rO/NVYtQIEN3yL8CECa7Q==
  dependencies:
    "@vue/devtools-api" "^6.5.1"

vue@^3.4.21:
  version "3.4.24"
  resolved "https://registry.npmjs.org/vue/-/vue-3.4.24.tgz"
  integrity sha512-NPdx7dLGyHmKHGRRU5bMRYVE+rechR+KDU5R2tSTNG36PuMwbfAJ+amEvOAw7BPfZp5sQulNELSLm5YUkau+Sg==
  dependencies:
    "@vue/compiler-dom" "3.4.24"
    "@vue/compiler-sfc" "3.4.24"
    "@vue/runtime-dom" "3.4.24"
    "@vue/server-renderer" "3.4.24"
    "@vue/shared" "3.4.24"

webpack-sources@^3.2.3:
  version "3.2.3"
  resolved "https://registry.npmjs.org/webpack-sources/-/webpack-sources-3.2.3.tgz"
  integrity sha512-/DyMEOrDgLKKIG0fmvtz+4dUX/3Ghozwgm6iPp8KRhvn+eQf9+Q7GWxVNMk3+uCPWfdXYC4ExGBckIXdFEfH1w==

webpack-virtual-modules@^0.6.1:
  version "0.6.1"
  resolved "https://registry.npmjs.org/webpack-virtual-modules/-/webpack-virtual-modules-0.6.1.tgz"
  integrity sha512-poXpCylU7ExuvZK8z+On3kX+S8o/2dQ/SVYueKA0D4WEMXROXgY8Ez50/bQEUmvoSMMrWcrJqCHuhAbsiwg7Dg==
